// !$*UTF8*$!
{
	archiveVersion = 1;
	classes = {
	};
	objectVersion = 46;
	objects = {

/* Begin PBXBuildFile section */
		FA9AE6F8217082D900AD9712 /* AppDelegate.swift in Sources */ = {isa = PBXBuildFile; fileRef = FA9AE6F7217082D900AD9712 /* AppDelegate.swift */; };
		FA9AE6FA217082D900AD9712 /* ViewController.swift in Sources */ = {isa = PBXBuildFile; fileRef = FA9AE6F9217082D900AD9712 /* ViewController.swift */; };
		FA9AE6FD217082D900AD9712 /* Main.storyboard in Resources */ = {isa = PBXBuildFile; fileRef = FA9AE6FB217082D900AD9712 /* Main.storyboard */; };
		FA9AE6FF217082D900AD9712 /* Assets.xcassets in Resources */ = {isa = PBXBuildFile; fileRef = FA9AE6FE217082D900AD9712 /* Assets.xcassets */; };
		FA9AE702217082D900AD9712 /* LaunchScreen.storyboard in Resources */ = {isa = PBXBuildFile; fileRef = FA9AE700217082D900AD9712 /* LaunchScreen.storyboard */; };
		FA9AE70D217082D900AD9712 /* LinhKaWebViewTests.swift in Sources */ = {isa = PBXBuildFile; fileRef = FA9AE70C217082D900AD9712 /* LinhKaWebViewTests.swift */; };
		FA9AE718217082D900AD9712 /* LinhKaWebViewUITests.swift in Sources */ = {isa = PBXBuildFile; fileRef = FA9AE717217082D900AD9712 /* LinhKaWebViewUITests.swift */; };
		FA9AE753217082ED00AD9712 /* coexistcrane.docx in Resources */ = {isa = PBXBuildFile; fileRef = FA9AE727217082ED00AD9712 /* coexistcrane.docx */; };
		FA9AE754217082ED00AD9712 /* darkkisssylviaday.docx in Resources */ = {isa = PBXBuildFile; fileRef = FA9AE728217082ED00AD9712 /* darkkisssylviaday.docx */; };
		FA9AE755217082ED00AD9712 /* isthislove.docx in Resources */ = {isa = PBXBuildFile; fileRef = FA9AE729217082ED00AD9712 /* isthislove.docx */; };
		FA9AE756217082ED00AD9712 /* lovelikethishubbard.docx in Resources */ = {isa = PBXBuildFile; fileRef = FA9AE72A217082ED00AD9712 /* lovelikethishubbard.docx */; };
		FA9AE757217082ED00AD9712 /* lumberlacewards.docx in Resources */ = {isa = PBXBuildFile; fileRef = FA9AE72B217082ED00AD9712 /* lumberlacewards.docx */; };
		FA9AE758217082ED00AD9712 /* Lập trình iOS Objective-C.html in Resources */ = {isa = PBXBuildFile; fileRef = FA9AE72D217082ED00AD9712 /* Lập trình iOS Objective-C.html */; };
		FA9AE759217082ED00AD9712 /* doc.png in Resources */ = {isa = PBXBuildFile; fileRef = FA9AE72F217082ED00AD9712 /* doc.png */; };
		FA9AE75A217082ED00AD9712 /* goback.png in Resources */ = {isa = PBXBuildFile; fileRef = FA9AE730217082ED00AD9712 /* goback.png */; };
		FA9AE75B217082ED00AD9712 /* goforward.png in Resources */ = {isa = PBXBuildFile; fileRef = FA9AE731217082ED00AD9712 /* goforward.png */; };
		FA9AE75C217082ED00AD9712 /* html.png in Resources */ = {isa = PBXBuildFile; fileRef = FA9AE732217082ED00AD9712 /* html.png */; };
		FA9AE75D217082ED00AD9712 /* pdf.png in Resources */ = {isa = PBXBuildFile; fileRef = FA9AE733217082ED00AD9712 /* pdf.png */; };
		FA9AE75E217082ED00AD9712 /* refresh.png in Resources */ = {isa = PBXBuildFile; fileRef = FA9AE734217082ED00AD9712 /* refresh.png */; };
		FA9AE75F217082ED00AD9712 /* time.png in Resources */ = {isa = PBXBuildFile; fileRef = FA9AE735217082ED00AD9712 /* time.png */; };
		FA9AE760217082ED00AD9712 /* web.png in Resources */ = {isa = PBXBuildFile; fileRef = FA9AE736217082ED00AD9712 /* web.png */; };
		FA9AE761217082ED00AD9712 /* abrieferhistory.jpg in Resources */ = {isa = PBXBuildFile; fileRef = FA9AE738217082ED00AD9712 /* abrieferhistory.jpg */; };
		FA9AE762217082ED00AD9712 /* aspoofonsexdonwireman.jpg in Resources */ = {isa = PBXBuildFile; fileRef = FA9AE739217082ED00AD9712 /* aspoofonsexdonwireman.jpg */; };
		FA9AE763217082ED00AD9712 /* barrysworldjenvey.jpg in Resources */ = {isa = PBXBuildFile; fileRef = FA9AE73A217082ED00AD9712 /* barrysworldjenvey.jpg */; };
		FA9AE764217082ED00AD9712 /* coexistcrane.jpg in Resources */ = {isa = PBXBuildFile; fileRef = FA9AE73B217082ED00AD9712 /* coexistcrane.jpg */; };
		FA9AE765217082ED00AD9712 /* darkkisssylviaday.jpg in Resources */ = {isa = PBXBuildFile; fileRef = FA9AE73C217082ED00AD9712 /* darkkisssylviaday.jpg */; };
		FA9AE766217082ED00AD9712 /* foreigneduwilliam.jpg in Resources */ = {isa = PBXBuildFile; fileRef = FA9AE73D217082ED00AD9712 /* foreigneduwilliam.jpg */; };
		FA9AE767217082ED00AD9712 /* gonewithtrash.jpg in Resources */ = {isa = PBXBuildFile; fileRef = FA9AE73E217082ED00AD9712 /* gonewithtrash.jpg */; };
		FA9AE768217082ED00AD9712 /* gospelbuckydennis.jpg in Resources */ = {isa = PBXBuildFile; fileRef = FA9AE73F217082ED00AD9712 /* gospelbuckydennis.jpg */; };
		FA9AE769217082ED00AD9712 /* isthislove.jpg in Resources */ = {isa = PBXBuildFile; fileRef = FA9AE740217082ED00AD9712 /* isthislove.jpg */; };
		FA9AE76A217082ED00AD9712 /* Lập trình iOS Objective-C.jpg in Resources */ = {isa = PBXBuildFile; fileRef = FA9AE741217082ED00AD9712 /* Lập trình iOS Objective-C.jpg */; };
		FA9AE76B217082ED00AD9712 /* lovelikethishubbard.jpg in Resources */ = {isa = PBXBuildFile; fileRef = FA9AE742217082ED00AD9712 /* lovelikethishubbard.jpg */; };
		FA9AE76C217082ED00AD9712 /* lumberlacewards.jpg in Resources */ = {isa = PBXBuildFile; fileRef = FA9AE743217082ED00AD9712 /* lumberlacewards.jpg */; };
		FA9AE76D217082ED00AD9712 /* oddjobsbowling.jpg in Resources */ = {isa = PBXBuildFile; fileRef = FA9AE744217082ED00AD9712 /* oddjobsbowling.jpg */; };
		FA9AE76E217082ED00AD9712 /* oneclownshortwright.jpg in Resources */ = {isa = PBXBuildFile; fileRef = FA9AE745217082ED00AD9712 /* oneclownshortwright.jpg */; };
		FA9AE76F217082ED00AD9712 /* questingromana.jpg in Resources */ = {isa = PBXBuildFile; fileRef = FA9AE746217082ED00AD9712 /* questingromana.jpg */; };
		FA9AE770217082ED00AD9712 /* thedistancetravelled.jpg in Resources */ = {isa = PBXBuildFile; fileRef = FA9AE747217082ED00AD9712 /* thedistancetravelled.jpg */; };
		FA9AE771217082ED00AD9712 /* abrieferhistory.pdf in Resources */ = {isa = PBXBuildFile; fileRef = FA9AE749217082ED00AD9712 /* abrieferhistory.pdf */; };
		FA9AE772217082ED00AD9712 /* aspoofonsexdonwireman.pdf in Resources */ = {isa = PBXBuildFile; fileRef = FA9AE74A217082ED00AD9712 /* aspoofonsexdonwireman.pdf */; };
		FA9AE773217082ED00AD9712 /* barrysworldjenvey.pdf in Resources */ = {isa = PBXBuildFile; fileRef = FA9AE74B217082ED00AD9712 /* barrysworldjenvey.pdf */; };
		FA9AE774217082ED00AD9712 /* foreigneduwilliam.pdf in Resources */ = {isa = PBXBuildFile; fileRef = FA9AE74C217082ED00AD9712 /* foreigneduwilliam.pdf */; };
		FA9AE775217082ED00AD9712 /* gonewithtrash.pdf in Resources */ = {isa = PBXBuildFile; fileRef = FA9AE74D217082ED00AD9712 /* gonewithtrash.pdf */; };
		FA9AE776217082ED00AD9712 /* gospelbuckydennis.pdf in Resources */ = {isa = PBXBuildFile; fileRef = FA9AE74E217082ED00AD9712 /* gospelbuckydennis.pdf */; };
		FA9AE777217082ED00AD9712 /* oddjobsbowling.pdf in Resources */ = {isa = PBXBuildFile; fileRef = FA9AE74F217082ED00AD9712 /* oddjobsbowling.pdf */; };
		FA9AE778217082ED00AD9712 /* oneclownshortwright.pdf in Resources */ = {isa = PBXBuildFile; fileRef = FA9AE750217082ED00AD9712 /* oneclownshortwright.pdf */; };
		FA9AE779217082ED00AD9712 /* questingromana.pdf in Resources */ = {isa = PBXBuildFile; fileRef = FA9AE751217082ED00AD9712 /* questingromana.pdf */; };
		FA9AE77A217082ED00AD9712 /* thedistancetravelled.pdf in Resources */ = {isa = PBXBuildFile; fileRef = FA9AE752217082ED00AD9712 /* thedistancetravelled.pdf */; };
		FA9AE77D217085D900AD9712 /* WebViewController.swift in Sources */ = {isa = PBXBuildFile; fileRef = FA9AE77C217085D900AD9712 /* WebViewController.swift */; };
		FA9AE77F2170887000AD9712 /* BookDetailViewController.swift in Sources */ = {isa = PBXBuildFile; fileRef = FA9AE77E2170887000AD9712 /* BookDetailViewController.swift */; };
		FA9AE78121708DD100AD9712 /* BookViewController.swift in Sources */ = {isa = PBXBuildFile; fileRef = FA9AE78021708DD100AD9712 /* BookViewController.swift */; };
		FA9AE78321708FD900AD9712 /* BookCollectionViewCell.swift in Sources */ = {isa = PBXBuildFile; fileRef = FA9AE78221708FD900AD9712 /* BookCollectionViewCell.swift */; };
/* End PBXBuildFile section */

/* Begin PBXContainerItemProxy section */
		FA9AE709217082D900AD9712 /* PBXContainerItemProxy */ = {
			isa = PBXContainerItemProxy;
			containerPortal = FA9AE6EC217082D900AD9712 /* Project object */;
			proxyType = 1;
			remoteGlobalIDString = FA9AE6F3217082D900AD9712;
			remoteInfo = LinhKaWebView;
		};
		FA9AE714217082D900AD9712 /* PBXContainerItemProxy */ = {
			isa = PBXContainerItemProxy;
			containerPortal = FA9AE6EC217082D900AD9712 /* Project object */;
			proxyType = 1;
			remoteGlobalIDString = FA9AE6F3217082D900AD9712;
			remoteInfo = LinhKaWebView;
		};
/* End PBXContainerItemProxy section */

/* Begin PBXFileReference section */
		FA9AE6F4217082D900AD9712 /* LinhKaWebView.app */ = {isa = PBXFileReference; explicitFileType = wrapper.application; includeInIndex = 0; path = LinhKaWebView.app; sourceTree = BUILT_PRODUCTS_DIR; };
		FA9AE6F7217082D900AD9712 /* AppDelegate.swift */ = {isa = PBXFileReference; lastKnownFileType = sourcecode.swift; path = AppDelegate.swift; sourceTree = "<group>"; };
		FA9AE6F9217082D900AD9712 /* ViewController.swift */ = {isa = PBXFileReference; lastKnownFileType = sourcecode.swift; path = ViewController.swift; sourceTree = "<group>"; };
		FA9AE6FC217082D900AD9712 /* Base */ = {isa = PBXFileReference; lastKnownFileType = file.storyboard; name = Base; path = Base.lproj/Main.storyboard; sourceTree = "<group>"; };
		FA9AE6FE217082D900AD9712 /* Assets.xcassets */ = {isa = PBXFileReference; lastKnownFileType = folder.assetcatalog; path = Assets.xcassets; sourceTree = "<group>"; };
		FA9AE701217082D900AD9712 /* Base */ = {isa = PBXFileReference; lastKnownFileType = file.storyboard; name = Base; path = Base.lproj/LaunchScreen.storyboard; sourceTree = "<group>"; };
		FA9AE703217082D900AD9712 /* Info.plist */ = {isa = PBXFileReference; lastKnownFileType = text.plist.xml; path = Info.plist; sourceTree = "<group>"; };
		FA9AE708217082D900AD9712 /* LinhKaWebViewTests.xctest */ = {isa = PBXFileReference; explicitFileType = wrapper.cfbundle; includeInIndex = 0; path = LinhKaWebViewTests.xctest; sourceTree = BUILT_PRODUCTS_DIR; };
		FA9AE70C217082D900AD9712 /* LinhKaWebViewTests.swift */ = {isa = PBXFileReference; lastKnownFileType = sourcecode.swift; path = LinhKaWebViewTests.swift; sourceTree = "<group>"; };
		FA9AE70E217082D900AD9712 /* Info.plist */ = {isa = PBXFileReference; lastKnownFileType = text.plist.xml; path = Info.plist; sourceTree = "<group>"; };
		FA9AE713217082D900AD9712 /* LinhKaWebViewUITests.xctest */ = {isa = PBXFileReference; explicitFileType = wrapper.cfbundle; includeInIndex = 0; path = LinhKaWebViewUITests.xctest; sourceTree = BUILT_PRODUCTS_DIR; };
		FA9AE717217082D900AD9712 /* LinhKaWebViewUITests.swift */ = {isa = PBXFileReference; lastKnownFileType = sourcecode.swift; path = LinhKaWebViewUITests.swift; sourceTree = "<group>"; };
		FA9AE719217082D900AD9712 /* Info.plist */ = {isa = PBXFileReference; lastKnownFileType = text.plist.xml; path = Info.plist; sourceTree = "<group>"; };
		FA9AE727217082ED00AD9712 /* coexistcrane.docx */ = {isa = PBXFileReference; lastKnownFileType = file; path = coexistcrane.docx; sourceTree = "<group>"; };
		FA9AE728217082ED00AD9712 /* darkkisssylviaday.docx */ = {isa = PBXFileReference; lastKnownFileType = file; path = darkkisssylviaday.docx; sourceTree = "<group>"; };
		FA9AE729217082ED00AD9712 /* isthislove.docx */ = {isa = PBXFileReference; lastKnownFileType = file; path = isthislove.docx; sourceTree = "<group>"; };
		FA9AE72A217082ED00AD9712 /* lovelikethishubbard.docx */ = {isa = PBXFileReference; lastKnownFileType = file; path = lovelikethishubbard.docx; sourceTree = "<group>"; };
		FA9AE72B217082ED00AD9712 /* lumberlacewards.docx */ = {isa = PBXFileReference; lastKnownFileType = file; path = lumberlacewards.docx; sourceTree = "<group>"; };
		FA9AE72D217082ED00AD9712 /* Lập trình iOS Objective-C.html */ = {isa = PBXFileReference; fileEncoding = 4; lastKnownFileType = text.html; path = "Lập trình iOS Objective-C.html"; sourceTree = "<group>"; };
		FA9AE72F217082ED00AD9712 /* doc.png */ = {isa = PBXFileReference; lastKnownFileType = image.png; path = doc.png; sourceTree = "<group>"; };
		FA9AE730217082ED00AD9712 /* goback.png */ = {isa = PBXFileReference; lastKnownFileType = image.png; path = goback.png; sourceTree = "<group>"; };
		FA9AE731217082ED00AD9712 /* goforward.png */ = {isa = PBXFileReference; lastKnownFileType = image.png; path = goforward.png; sourceTree = "<group>"; };
		FA9AE732217082ED00AD9712 /* html.png */ = {isa = PBXFileReference; lastKnownFileType = image.png; path = html.png; sourceTree = "<group>"; };
		FA9AE733217082ED00AD9712 /* pdf.png */ = {isa = PBXFileReference; lastKnownFileType = image.png; path = pdf.png; sourceTree = "<group>"; };
		FA9AE734217082ED00AD9712 /* refresh.png */ = {isa = PBXFileReference; lastKnownFileType = image.png; path = refresh.png; sourceTree = "<group>"; };
		FA9AE735217082ED00AD9712 /* time.png */ = {isa = PBXFileReference; lastKnownFileType = image.png; path = time.png; sourceTree = "<group>"; };
		FA9AE736217082ED00AD9712 /* web.png */ = {isa = PBXFileReference; lastKnownFileType = image.png; path = web.png; sourceTree = "<group>"; };
		FA9AE738217082ED00AD9712 /* abrieferhistory.jpg */ = {isa = PBXFileReference; lastKnownFileType = image.jpeg; path = abrieferhistory.jpg; sourceTree = "<group>"; };
		FA9AE739217082ED00AD9712 /* aspoofonsexdonwireman.jpg */ = {isa = PBXFileReference; lastKnownFileType = image.jpeg; path = aspoofonsexdonwireman.jpg; sourceTree = "<group>"; };
		FA9AE73A217082ED00AD9712 /* barrysworldjenvey.jpg */ = {isa = PBXFileReference; lastKnownFileType = image.jpeg; path = barrysworldjenvey.jpg; sourceTree = "<group>"; };
		FA9AE73B217082ED00AD9712 /* coexistcrane.jpg */ = {isa = PBXFileReference; lastKnownFileType = image.jpeg; path = coexistcrane.jpg; sourceTree = "<group>"; };
		FA9AE73C217082ED00AD9712 /* darkkisssylviaday.jpg */ = {isa = PBXFileReference; lastKnownFileType = image.jpeg; path = darkkisssylviaday.jpg; sourceTree = "<group>"; };
		FA9AE73D217082ED00AD9712 /* foreigneduwilliam.jpg */ = {isa = PBXFileReference; lastKnownFileType = image.jpeg; path = foreigneduwilliam.jpg; sourceTree = "<group>"; };
		FA9AE73E217082ED00AD9712 /* gonewithtrash.jpg */ = {isa = PBXFileReference; lastKnownFileType = image.jpeg; path = gonewithtrash.jpg; sourceTree = "<group>"; };
		FA9AE73F217082ED00AD9712 /* gospelbuckydennis.jpg */ = {isa = PBXFileReference; lastKnownFileType = image.jpeg; path = gospelbuckydennis.jpg; sourceTree = "<group>"; };
		FA9AE740217082ED00AD9712 /* isthislove.jpg */ = {isa = PBXFileReference; lastKnownFileType = image.jpeg; path = isthislove.jpg; sourceTree = "<group>"; };
		FA9AE741217082ED00AD9712 /* Lập trình iOS Objective-C.jpg */ = {isa = PBXFileReference; lastKnownFileType = image.jpeg; path = "Lập trình iOS Objective-C.jpg"; sourceTree = "<group>"; };
		FA9AE742217082ED00AD9712 /* lovelikethishubbard.jpg */ = {isa = PBXFileReference; lastKnownFileType = image.jpeg; path = lovelikethishubbard.jpg; sourceTree = "<group>"; };
		FA9AE743217082ED00AD9712 /* lumberlacewards.jpg */ = {isa = PBXFileReference; lastKnownFileType = image.jpeg; path = lumberlacewards.jpg; sourceTree = "<group>"; };
		FA9AE744217082ED00AD9712 /* oddjobsbowling.jpg */ = {isa = PBXFileReference; lastKnownFileType = image.jpeg; path = oddjobsbowling.jpg; sourceTree = "<group>"; };
		FA9AE745217082ED00AD9712 /* oneclownshortwright.jpg */ = {isa = PBXFileReference; lastKnownFileType = image.jpeg; path = oneclownshortwright.jpg; sourceTree = "<group>"; };
		FA9AE746217082ED00AD9712 /* questingromana.jpg */ = {isa = PBXFileReference; lastKnownFileType = image.jpeg; path = questingromana.jpg; sourceTree = "<group>"; };
		FA9AE747217082ED00AD9712 /* thedistancetravelled.jpg */ = {isa = PBXFileReference; lastKnownFileType = image.jpeg; path = thedistancetravelled.jpg; sourceTree = "<group>"; };
		FA9AE749217082ED00AD9712 /* abrieferhistory.pdf */ = {isa = PBXFileReference; lastKnownFileType = image.pdf; path = abrieferhistory.pdf; sourceTree = "<group>"; };
		FA9AE74A217082ED00AD9712 /* aspoofonsexdonwireman.pdf */ = {isa = PBXFileReference; lastKnownFileType = image.pdf; path = aspoofonsexdonwireman.pdf; sourceTree = "<group>"; };
		FA9AE74B217082ED00AD9712 /* barrysworldjenvey.pdf */ = {isa = PBXFileReference; lastKnownFileType = image.pdf; path = barrysworldjenvey.pdf; sourceTree = "<group>"; };
		FA9AE74C217082ED00AD9712 /* foreigneduwilliam.pdf */ = {isa = PBXFileReference; lastKnownFileType = image.pdf; path = foreigneduwilliam.pdf; sourceTree = "<group>"; };
		FA9AE74D217082ED00AD9712 /* gonewithtrash.pdf */ = {isa = PBXFileReference; lastKnownFileType = image.pdf; path = gonewithtrash.pdf; sourceTree = "<group>"; };
		FA9AE74E217082ED00AD9712 /* gospelbuckydennis.pdf */ = {isa = PBXFileReference; lastKnownFileType = image.pdf; path = gospelbuckydennis.pdf; sourceTree = "<group>"; };
		FA9AE74F217082ED00AD9712 /* oddjobsbowling.pdf */ = {isa = PBXFileReference; lastKnownFileType = image.pdf; path = oddjobsbowling.pdf; sourceTree = "<group>"; };
		FA9AE750217082ED00AD9712 /* oneclownshortwright.pdf */ = {isa = PBXFileReference; lastKnownFileType = image.pdf; path = oneclownshortwright.pdf; sourceTree = "<group>"; };
		FA9AE751217082ED00AD9712 /* questingromana.pdf */ = {isa = PBXFileReference; lastKnownFileType = image.pdf; path = questingromana.pdf; sourceTree = "<group>"; };
		FA9AE752217082ED00AD9712 /* thedistancetravelled.pdf */ = {isa = PBXFileReference; lastKnownFileType = image.pdf; path = thedistancetravelled.pdf; sourceTree = "<group>"; };
		FA9AE77C217085D900AD9712 /* WebViewController.swift */ = {isa = PBXFileReference; fileEncoding = 4; lastKnownFileType = sourcecode.swift; path = WebViewController.swift; sourceTree = "<group>"; };
		FA9AE77E2170887000AD9712 /* BookDetailViewController.swift */ = {isa = PBXFileReference; fileEncoding = 4; lastKnownFileType = sourcecode.swift; path = BookDetailViewController.swift; sourceTree = "<group>"; };
		FA9AE78021708DD100AD9712 /* BookViewController.swift */ = {isa = PBXFileReference; fileEncoding = 4; lastKnownFileType = sourcecode.swift; path = BookViewController.swift; sourceTree = "<group>"; };
		FA9AE78221708FD900AD9712 /* BookCollectionViewCell.swift */ = {isa = PBXFileReference; fileEncoding = 4; lastKnownFileType = sourcecode.swift; path = BookCollectionViewCell.swift; sourceTree = "<group>"; };
/* End PBXFileReference section */

/* Begin PBXFrameworksBuildPhase section */
		FA9AE6F1217082D900AD9712 /* Frameworks */ = {
			isa = PBXFrameworksBuildPhase;
			buildActionMask = 2147483647;
			files = (
			);
			runOnlyForDeploymentPostprocessing = 0;
		};
		FA9AE705217082D900AD9712 /* Frameworks */ = {
			isa = PBXFrameworksBuildPhase;
			buildActionMask = 2147483647;
			files = (
			);
			runOnlyForDeploymentPostprocessing = 0;
		};
		FA9AE710217082D900AD9712 /* Frameworks */ = {
			isa = PBXFrameworksBuildPhase;
			buildActionMask = 2147483647;
			files = (
			);
			runOnlyForDeploymentPostprocessing = 0;
		};
/* End PBXFrameworksBuildPhase section */

/* Begin PBXGroup section */
		FA9AE6EB217082D900AD9712 = {
			isa = PBXGroup;
			children = (
				FA9AE6F6217082D900AD9712 /* LinhKaWebView */,
				FA9AE70B217082D900AD9712 /* LinhKaWebViewTests */,
				FA9AE716217082D900AD9712 /* LinhKaWebViewUITests */,
				FA9AE6F5217082D900AD9712 /* Products */,
			);
			sourceTree = "<group>";
		};
		FA9AE6F5217082D900AD9712 /* Products */ = {
			isa = PBXGroup;
			children = (
				FA9AE6F4217082D900AD9712 /* LinhKaWebView.app */,
				FA9AE708217082D900AD9712 /* LinhKaWebViewTests.xctest */,
				FA9AE713217082D900AD9712 /* LinhKaWebViewUITests.xctest */,
			);
			name = Products;
			sourceTree = "<group>";
		};
		FA9AE6F6217082D900AD9712 /* LinhKaWebView */ = {
			isa = PBXGroup;
			children = (
				FA9AE77B217082FE00AD9712 /* Controller */,
				FA9AE725217082ED00AD9712 /* Source */,
				FA9AE6F7217082D900AD9712 /* AppDelegate.swift */,
				FA9AE6F9217082D900AD9712 /* ViewController.swift */,
				FA9AE6FB217082D900AD9712 /* Main.storyboard */,
				FA9AE6FE217082D900AD9712 /* Assets.xcassets */,
				FA9AE700217082D900AD9712 /* LaunchScreen.storyboard */,
				FA9AE703217082D900AD9712 /* Info.plist */,
			);
			path = LinhKaWebView;
			sourceTree = "<group>";
		};
		FA9AE70B217082D900AD9712 /* LinhKaWebViewTests */ = {
			isa = PBXGroup;
			children = (
				FA9AE70C217082D900AD9712 /* LinhKaWebViewTests.swift */,
				FA9AE70E217082D900AD9712 /* Info.plist */,
			);
			path = LinhKaWebViewTests;
			sourceTree = "<group>";
		};
		FA9AE716217082D900AD9712 /* LinhKaWebViewUITests */ = {
			isa = PBXGroup;
			children = (
				FA9AE717217082D900AD9712 /* LinhKaWebViewUITests.swift */,
				FA9AE719217082D900AD9712 /* Info.plist */,
			);
			path = LinhKaWebViewUITests;
			sourceTree = "<group>";
		};
		FA9AE725217082ED00AD9712 /* Source */ = {
			isa = PBXGroup;
			children = (
				FA9AE726217082ED00AD9712 /* Docx */,
				FA9AE72C217082ED00AD9712 /* Html */,
				FA9AE748217082ED00AD9712 /* PDF */,
				FA9AE72E217082ED00AD9712 /* Icons */,
				FA9AE737217082ED00AD9712 /* Linh Ka s Photos */,
			);
			path = Source;
			sourceTree = "<group>";
		};
		FA9AE726217082ED00AD9712 /* Docx */ = {
			isa = PBXGroup;
			children = (
				FA9AE727217082ED00AD9712 /* coexistcrane.docx */,
				FA9AE728217082ED00AD9712 /* darkkisssylviaday.docx */,
				FA9AE729217082ED00AD9712 /* isthislove.docx */,
				FA9AE72A217082ED00AD9712 /* lovelikethishubbard.docx */,
				FA9AE72B217082ED00AD9712 /* lumberlacewards.docx */,
			);
			path = Docx;
			sourceTree = "<group>";
		};
		FA9AE72C217082ED00AD9712 /* Html */ = {
			isa = PBXGroup;
			children = (
				FA9AE72D217082ED00AD9712 /* Lập trình iOS Objective-C.html */,
			);
			path = Html;
			sourceTree = "<group>";
		};
		FA9AE72E217082ED00AD9712 /* Icons */ = {
			isa = PBXGroup;
			children = (
				FA9AE72F217082ED00AD9712 /* doc.png */,
				FA9AE730217082ED00AD9712 /* goback.png */,
				FA9AE731217082ED00AD9712 /* goforward.png */,
				FA9AE732217082ED00AD9712 /* html.png */,
				FA9AE733217082ED00AD9712 /* pdf.png */,
				FA9AE734217082ED00AD9712 /* refresh.png */,
				FA9AE735217082ED00AD9712 /* time.png */,
				FA9AE736217082ED00AD9712 /* web.png */,
			);
			path = Icons;
			sourceTree = "<group>";
		};
		FA9AE737217082ED00AD9712 /* Linh Ka s Photos */ = {
			isa = PBXGroup;
			children = (
				FA9AE738217082ED00AD9712 /* abrieferhistory.jpg */,
				FA9AE739217082ED00AD9712 /* aspoofonsexdonwireman.jpg */,
				FA9AE73A217082ED00AD9712 /* barrysworldjenvey.jpg */,
				FA9AE73B217082ED00AD9712 /* coexistcrane.jpg */,
				FA9AE73C217082ED00AD9712 /* darkkisssylviaday.jpg */,
				FA9AE73D217082ED00AD9712 /* foreigneduwilliam.jpg */,
				FA9AE73E217082ED00AD9712 /* gonewithtrash.jpg */,
				FA9AE73F217082ED00AD9712 /* gospelbuckydennis.jpg */,
				FA9AE740217082ED00AD9712 /* isthislove.jpg */,
				FA9AE741217082ED00AD9712 /* Lập trình iOS Objective-C.jpg */,
				FA9AE742217082ED00AD9712 /* lovelikethishubbard.jpg */,
				FA9AE743217082ED00AD9712 /* lumberlacewards.jpg */,
				FA9AE744217082ED00AD9712 /* oddjobsbowling.jpg */,
				FA9AE745217082ED00AD9712 /* oneclownshortwright.jpg */,
				FA9AE746217082ED00AD9712 /* questingromana.jpg */,
				FA9AE747217082ED00AD9712 /* thedistancetravelled.jpg */,
			);
			path = "Linh Ka s Photos";
			sourceTree = "<group>";
		};
		FA9AE748217082ED00AD9712 /* PDF */ = {
			isa = PBXGroup;
			children = (
				FA9AE749217082ED00AD9712 /* abrieferhistory.pdf */,
				FA9AE74A217082ED00AD9712 /* aspoofonsexdonwireman.pdf */,
				FA9AE74B217082ED00AD9712 /* barrysworldjenvey.pdf */,
				FA9AE74C217082ED00AD9712 /* foreigneduwilliam.pdf */,
				FA9AE74D217082ED00AD9712 /* gonewithtrash.pdf */,
				FA9AE74E217082ED00AD9712 /* gospelbuckydennis.pdf */,
				FA9AE74F217082ED00AD9712 /* oddjobsbowling.pdf */,
				FA9AE750217082ED00AD9712 /* oneclownshortwright.pdf */,
				FA9AE751217082ED00AD9712 /* questingromana.pdf */,
				FA9AE752217082ED00AD9712 /* thedistancetravelled.pdf */,
			);
			path = PDF;
			sourceTree = "<group>";
		};
		FA9AE77B217082FE00AD9712 /* Controller */ = {
			isa = PBXGroup;
			children = (
				FA9AE77C217085D900AD9712 /* WebViewController.swift */,
				FA9AE77E2170887000AD9712 /* BookDetailViewController.swift */,
				FA9AE78021708DD100AD9712 /* BookViewController.swift */,
				FA9AE78221708FD900AD9712 /* BookCollectionViewCell.swift */,
			);
			name = Controller;
			sourceTree = "<group>";
		};
/* End PBXGroup section */

/* Begin PBXNativeTarget section */
		FA9AE6F3217082D900AD9712 /* LinhKaWebView */ = {
			isa = PBXNativeTarget;
			buildConfigurationList = FA9AE71C217082D900AD9712 /* Build configuration list for PBXNativeTarget "LinhKaWebView" */;
			buildPhases = (
				FA9AE6F0217082D900AD9712 /* Sources */,
				FA9AE6F1217082D900AD9712 /* Frameworks */,
				FA9AE6F2217082D900AD9712 /* Resources */,
			);
			buildRules = (
			);
			dependencies = (
			);
			name = LinhKaWebView;
			productName = LinhKaWebView;
			productReference = FA9AE6F4217082D900AD9712 /* LinhKaWebView.app */;
			productType = "com.apple.product-type.application";
		};
		FA9AE707217082D900AD9712 /* LinhKaWebViewTests */ = {
			isa = PBXNativeTarget;
			buildConfigurationList = FA9AE71F217082D900AD9712 /* Build configuration list for PBXNativeTarget "LinhKaWebViewTests" */;
			buildPhases = (
				FA9AE704217082D900AD9712 /* Sources */,
				FA9AE705217082D900AD9712 /* Frameworks */,
				FA9AE706217082D900AD9712 /* Resources */,
			);
			buildRules = (
			);
			dependencies = (
				FA9AE70A217082D900AD9712 /* PBXTargetDependency */,
			);
			name = LinhKaWebViewTests;
			productName = LinhKaWebViewTests;
			productReference = FA9AE708217082D900AD9712 /* LinhKaWebViewTests.xctest */;
			productType = "com.apple.product-type.bundle.unit-test";
		};
		FA9AE712217082D900AD9712 /* LinhKaWebViewUITests */ = {
			isa = PBXNativeTarget;
			buildConfigurationList = FA9AE722217082D900AD9712 /* Build configuration list for PBXNativeTarget "LinhKaWebViewUITests" */;
			buildPhases = (
				FA9AE70F217082D900AD9712 /* Sources */,
				FA9AE710217082D900AD9712 /* Frameworks */,
				FA9AE711217082D900AD9712 /* Resources */,
			);
			buildRules = (
			);
			dependencies = (
				FA9AE715217082D900AD9712 /* PBXTargetDependency */,
			);
			name = LinhKaWebViewUITests;
			productName = LinhKaWebViewUITests;
			productReference = FA9AE713217082D900AD9712 /* LinhKaWebViewUITests.xctest */;
			productType = "com.apple.product-type.bundle.ui-testing";
		};
/* End PBXNativeTarget section */

/* Begin PBXProject section */
		FA9AE6EC217082D900AD9712 /* Project object */ = {
			isa = PBXProject;
			attributes = {
				LastSwiftUpdateCheck = 0730;
				LastUpgradeCheck = 0730;
				ORGANIZATIONNAME = Viet;
				TargetAttributes = {
					FA9AE6F3217082D900AD9712 = {
						CreatedOnToolsVersion = 7.3;
					};
					FA9AE707217082D900AD9712 = {
						CreatedOnToolsVersion = 7.3;
						TestTargetID = FA9AE6F3217082D900AD9712;
					};
					FA9AE712217082D900AD9712 = {
						CreatedOnToolsVersion = 7.3;
						TestTargetID = FA9AE6F3217082D900AD9712;
					};
				};
			};
			buildConfigurationList = FA9AE6EF217082D900AD9712 /* Build configuration list for PBXProject "LinhKaWebView" */;
			compatibilityVersion = "Xcode 3.2";
			developmentRegion = English;
			hasScannedForEncodings = 0;
			knownRegions = (
				en,
				Base,
			);
			mainGroup = FA9AE6EB217082D900AD9712;
			productRefGroup = FA9AE6F5217082D900AD9712 /* Products */;
			projectDirPath = "";
			projectRoot = "";
			targets = (
				FA9AE6F3217082D900AD9712 /* LinhKaWebView */,
				FA9AE707217082D900AD9712 /* LinhKaWebViewTests */,
				FA9AE712217082D900AD9712 /* LinhKaWebViewUITests */,
			);
		};
/* End PBXProject section */

/* Begin PBXResourcesBuildPhase section */
		FA9AE6F2217082D900AD9712 /* Resources */ = {
			isa = PBXResourcesBuildPhase;
			buildActionMask = 2147483647;
			files = (
				FA9AE75A217082ED00AD9712 /* goback.png in Resources */,
				FA9AE759217082ED00AD9712 /* doc.png in Resources */,
				FA9AE770217082ED00AD9712 /* thedistancetravelled.jpg in Resources */,
				FA9AE765217082ED00AD9712 /* darkkisssylviaday.jpg in Resources */,
				FA9AE702217082D900AD9712 /* LaunchScreen.storyboard in Resources */,
				FA9AE755217082ED00AD9712 /* isthislove.docx in Resources */,
				FA9AE775217082ED00AD9712 /* gonewithtrash.pdf in Resources */,
				FA9AE763217082ED00AD9712 /* barrysworldjenvey.jpg in Resources */,
				FA9AE77A217082ED00AD9712 /* thedistancetravelled.pdf in Resources */,
				FA9AE75E217082ED00AD9712 /* refresh.png in Resources */,
				FA9AE754217082ED00AD9712 /* darkkisssylviaday.docx in Resources */,
				FA9AE773217082ED00AD9712 /* barrysworldjenvey.pdf in Resources */,
				FA9AE753217082ED00AD9712 /* coexistcrane.docx in Resources */,
				FA9AE76B217082ED00AD9712 /* lovelikethishubbard.jpg in Resources */,
				FA9AE6FF217082D900AD9712 /* Assets.xcassets in Resources */,
				FA9AE75B217082ED00AD9712 /* goforward.png in Resources */,
				FA9AE75D217082ED00AD9712 /* pdf.png in Resources */,
				FA9AE75F217082ED00AD9712 /* time.png in Resources */,
				FA9AE760217082ED00AD9712 /* web.png in Resources */,
				FA9AE772217082ED00AD9712 /* aspoofonsexdonwireman.pdf in Resources */,
				FA9AE76F217082ED00AD9712 /* questingromana.jpg in Resources */,
				FA9AE757217082ED00AD9712 /* lumberlacewards.docx in Resources */,
				FA9AE758217082ED00AD9712 /* Lập trình iOS Objective-C.html in Resources */,
				FA9AE75C217082ED00AD9712 /* html.png in Resources */,
				FA9AE76E217082ED00AD9712 /* oneclownshortwright.jpg in Resources */,
				FA9AE776217082ED00AD9712 /* gospelbuckydennis.pdf in Resources */,
				FA9AE764217082ED00AD9712 /* coexistcrane.jpg in Resources */,
				FA9AE778217082ED00AD9712 /* oneclownshortwright.pdf in Resources */,
				FA9AE766217082ED00AD9712 /* foreigneduwilliam.jpg in Resources */,
				FA9AE6FD217082D900AD9712 /* Main.storyboard in Resources */,
				FA9AE76A217082ED00AD9712 /* Lập trình iOS Objective-C.jpg in Resources */,
				FA9AE768217082ED00AD9712 /* gospelbuckydennis.jpg in Resources */,
				FA9AE762217082ED00AD9712 /* aspoofonsexdonwireman.jpg in Resources */,
				FA9AE761217082ED00AD9712 /* abrieferhistory.jpg in Resources */,
				FA9AE756217082ED00AD9712 /* lovelikethishubbard.docx in Resources */,
				FA9AE779217082ED00AD9712 /* questingromana.pdf in Resources */,
				FA9AE777217082ED00AD9712 /* oddjobsbowling.pdf in Resources */,
				FA9AE771217082ED00AD9712 /* abrieferhistory.pdf in Resources */,
				FA9AE767217082ED00AD9712 /* gonewithtrash.jpg in Resources */,
				FA9AE774217082ED00AD9712 /* foreigneduwilliam.pdf in Resources */,
				FA9AE76C217082ED00AD9712 /* lumberlacewards.jpg in Resources */,
				FA9AE76D217082ED00AD9712 /* oddjobsbowling.jpg in Resources */,
				FA9AE769217082ED00AD9712 /* isthislove.jpg in Resources */,
			);
			runOnlyForDeploymentPostprocessing = 0;
		};
		FA9AE706217082D900AD9712 /* Resources */ = {
			isa = PBXResourcesBuildPhase;
			buildActionMask = 2147483647;
			files = (
			);
			runOnlyForDeploymentPostprocessing = 0;
		};
		FA9AE711217082D900AD9712 /* Resources */ = {
			isa = PBXResourcesBuildPhase;
			buildActionMask = 2147483647;
			files = (
			);
			runOnlyForDeploymentPostprocessing = 0;
		};
/* End PBXResourcesBuildPhase section */

/* Begin PBXSourcesBuildPhase section */
		FA9AE6F0217082D900AD9712 /* Sources */ = {
			isa = PBXSourcesBuildPhase;
			buildActionMask = 2147483647;
			files = (
				FA9AE6FA217082D900AD9712 /* ViewController.swift in Sources */,
				FA9AE77D217085D900AD9712 /* WebViewController.swift in Sources */,
				FA9AE78121708DD100AD9712 /* BookViewController.swift in Sources */,
				FA9AE78321708FD900AD9712 /* BookCollectionViewCell.swift in Sources */,
				FA9AE77F2170887000AD9712 /* BookDetailViewController.swift in Sources */,
				FA9AE6F8217082D900AD9712 /* AppDelegate.swift in Sources */,
			);
			runOnlyForDeploymentPostprocessing = 0;
		};
		FA9AE704217082D900AD9712 /* Sources */ = {
			isa = PBXSourcesBuildPhase;
			buildActionMask = 2147483647;
			files = (
				FA9AE70D217082D900AD9712 /* LinhKaWebViewTests.swift in Sources */,
			);
			runOnlyForDeploymentPostprocessing = 0;
		};
		FA9AE70F217082D900AD9712 /* Sources */ = {
			isa = PBXSourcesBuildPhase;
			buildActionMask = 2147483647;
			files = (
				FA9AE718217082D900AD9712 /* LinhKaWebViewUITests.swift in Sources */,
			);
			runOnlyForDeploymentPostprocessing = 0;
		};
/* End PBXSourcesBuildPhase section */

/* Begin PBXTargetDependency section */
		FA9AE70A217082D900AD9712 /* PBXTargetDependency */ = {
			isa = PBXTargetDependency;
			target = FA9AE6F3217082D900AD9712 /* LinhKaWebView */;
			targetProxy = FA9AE709217082D900AD9712 /* PBXContainerItemProxy */;
		};
		FA9AE715217082D900AD9712 /* PBXTargetDependency */ = {
			isa = PBXTargetDependency;
			target = FA9AE6F3217082D900AD9712 /* LinhKaWebView */;
			targetProxy = FA9AE714217082D900AD9712 /* PBXContainerItemProxy */;
		};
/* End PBXTargetDependency section */

/* Begin PBXVariantGroup section */
		FA9AE6FB217082D900AD9712 /* Main.storyboard */ = {
			isa = PBXVariantGroup;
			children = (
				FA9AE6FC217082D900AD9712 /* Base */,
			);
			name = Main.storyboard;
			sourceTree = "<group>";
		};
		FA9AE700217082D900AD9712 /* LaunchScreen.storyboard */ = {
			isa = PBXVariantGroup;
			children = (
				FA9AE701217082D900AD9712 /* Base */,
			);
			name = LaunchScreen.storyboard;
			sourceTree = "<group>";
		};
/* End PBXVariantGroup section */

/* Begin XCBuildConfiguration section */
		FA9AE71A217082D900AD9712 /* Debug */ = {
			isa = XCBuildConfiguration;
			buildSettings = {
				ALWAYS_SEARCH_USER_PATHS = NO;
				CLANG_ANALYZER_NONNULL = YES;
				CLANG_CXX_LANGUAGE_STANDARD = "gnu++0x";
				CLANG_CXX_LIBRARY = "libc++";
				CLANG_ENABLE_MODULES = YES;
				CLANG_ENABLE_OBJC_ARC = YES;
				CLANG_WARN_BOOL_CONVERSION = YES;
				CLANG_WARN_CONSTANT_CONVERSION = YES;
				CLANG_WARN_DIRECT_OBJC_ISA_USAGE = YES_ERROR;
				CLANG_WARN_EMPTY_BODY = YES;
				CLANG_WARN_ENUM_CONVERSION = YES;
				CLANG_WARN_INT_CONVERSION = YES;
				CLANG_WARN_OBJC_ROOT_CLASS = YES_ERROR;
				CLANG_WARN_UNREACHABLE_CODE = YES;
				CLANG_WARN__DUPLICATE_METHOD_MATCH = YES;
				"CODE_SIGN_IDENTITY[sdk=iphoneos*]" = "iPhone Developer";
				COPY_PHASE_STRIP = NO;
				DEBUG_INFORMATION_FORMAT = dwarf;
				ENABLE_STRICT_OBJC_MSGSEND = YES;
				ENABLE_TESTABILITY = YES;
				GCC_C_LANGUAGE_STANDARD = gnu99;
				GCC_DYNAMIC_NO_PIC = NO;
				GCC_NO_COMMON_BLOCKS = YES;
				GCC_OPTIMIZATION_LEVEL = 0;
				GCC_PREPROCESSOR_DEFINITIONS = (
					"DEBUG=1",
					"$(inherited)",
				);
				GCC_WARN_64_TO_32_BIT_CONVERSION = YES;
				GCC_WARN_ABOUT_RETURN_TYPE = YES_ERROR;
				GCC_WARN_UNDECLARED_SELECTOR = YES;
				GCC_WARN_UNINITIALIZED_AUTOS = YES_AGGRESSIVE;
				GCC_WARN_UNUSED_FUNCTION = YES;
				GCC_WARN_UNUSED_VARIABLE = YES;
				IPHONEOS_DEPLOYMENT_TARGET = 9.3;
				MTL_ENABLE_DEBUG_INFO = YES;
				ONLY_ACTIVE_ARCH = YES;
				SDKROOT = iphoneos;
				SWIFT_OPTIMIZATION_LEVEL = "-Onone";
				TARGETED_DEVICE_FAMILY = "1,2";
			};
			name = Debug;
		};
		FA9AE71B217082D900AD9712 /* Release */ = {
			isa = XCBuildConfiguration;
			buildSettings = {
				ALWAYS_SEARCH_USER_PATHS = NO;
				CLANG_ANALYZER_NONNULL = YES;
				CLANG_CXX_LANGUAGE_STANDARD = "gnu++0x";
				CLANG_CXX_LIBRARY = "libc++";
				CLANG_ENABLE_MODULES = YES;
				CLANG_ENABLE_OBJC_ARC = YES;
				CLANG_WARN_BOOL_CONVERSION = YES;
				CLANG_WARN_CONSTANT_CONVERSION = YES;
				CLANG_WARN_DIRECT_OBJC_ISA_USAGE = YES_ERROR;
				CLANG_WARN_EMPTY_BODY = YES;
				CLANG_WARN_ENUM_CONVERSION = YES;
				CLANG_WARN_INT_CONVERSION = YES;
				CLANG_WARN_OBJC_ROOT_CLASS = YES_ERROR;
				CLANG_WARN_UNREACHABLE_CODE = YES;
				CLANG_WARN__DUPLICATE_METHOD_MATCH = YES;
				"CODE_SIGN_IDENTITY[sdk=iphoneos*]" = "iPhone Developer";
				COPY_PHASE_STRIP = NO;
				DEBUG_INFORMATION_FORMAT = "dwarf-with-dsym";
				ENABLE_NS_ASSERTIONS = NO;
				ENABLE_STRICT_OBJC_MSGSEND = YES;
				GCC_C_LANGUAGE_STANDARD = gnu99;
				GCC_NO_COMMON_BLOCKS = YES;
				GCC_WARN_64_TO_32_BIT_CONVERSION = YES;
				GCC_WARN_ABOUT_RETURN_TYPE = YES_ERROR;
				GCC_WARN_UNDECLARED_SELECTOR = YES;
				GCC_WARN_UNINITIALIZED_AUTOS = YES_AGGRESSIVE;
				GCC_WARN_UNUSED_FUNCTION = YES;
				GCC_WARN_UNUSED_VARIABLE = YES;
				IPHONEOS_DEPLOYMENT_TARGET = 9.3;
				MTL_ENABLE_DEBUG_INFO = NO;
				SDKROOT = iphoneos;
				TARGETED_DEVICE_FAMILY = "1,2";
				VALIDATE_PRODUCT = YES;
			};
			name = Release;
		};
		FA9AE71D217082D900AD9712 /* Debug */ = {
			isa = XCBuildConfiguration;
			buildSettings = {
				ASSETCATALOG_COMPILER_APPICON_NAME = AppIcon;
				INFOPLIST_FILE = LinhKaWebView/Info.plist;
				LD_RUNPATH_SEARCH_PATHS = "$(inherited) @executable_path/Frameworks";
				PRODUCT_BUNDLE_IDENTIFIER = Viet.LinhKaWebView;
				PRODUCT_NAME = "$(TARGET_NAME)";
			};
			name = Debug;
		};
		FA9AE71E217082D900AD9712 /* Release */ = {
			isa = XCBuildConfiguration;
			buildSettings = {
				ASSETCATALOG_COMPILER_APPICON_NAME = AppIcon;
				INFOPLIST_FILE = LinhKaWebView/Info.plist;
				LD_RUNPATH_SEARCH_PATHS = "$(inherited) @executable_path/Frameworks";
				PRODUCT_BUNDLE_IDENTIFIER = Viet.LinhKaWebView;
				PRODUCT_NAME = "$(TARGET_NAME)";
			};
			name = Release;
		};
		FA9AE720217082D900AD9712 /* Debug */ = {
			isa = XCBuildConfiguration;
			buildSettings = {
				BUNDLE_LOADER = "$(TEST_HOST)";
				INFOPLIST_FILE = LinhKaWebViewTests/Info.plist;
				LD_RUNPATH_SEARCH_PATHS = "$(inherited) @executable_path/Frameworks @loader_path/Frameworks";
				PRODUCT_BUNDLE_IDENTIFIER = Viet.LinhKaWebViewTests;
				PRODUCT_NAME = "$(TARGET_NAME)";
				TEST_HOST = "$(BUILT_PRODUCTS_DIR)/LinhKaWebView.app/LinhKaWebView";
			};
			name = Debug;
		};
		FA9AE721217082D900AD9712 /* Release */ = {
			isa = XCBuildConfiguration;
			buildSettings = {
				BUNDLE_LOADER = "$(TEST_HOST)";
				INFOPLIST_FILE = LinhKaWebViewTests/Info.plist;
				LD_RUNPATH_SEARCH_PATHS = "$(inherited) @executable_path/Frameworks @loader_path/Frameworks";
				PRODUCT_BUNDLE_IDENTIFIER = Viet.LinhKaWebViewTests;
				PRODUCT_NAME = "$(TARGET_NAME)";
				TEST_HOST = "$(BUILT_PRODUCTS_DIR)/LinhKaWebView.app/LinhKaWebView";
			};
			name = Release;
		};
		FA9AE723217082D900AD9712 /* Debug */ = {
			isa = XCBuildConfiguration;
			buildSettings = {
				INFOPLIST_FILE = LinhKaWebViewUITests/Info.plist;
				LD_RUNPATH_SEARCH_PATHS = "$(inherited) @executable_path/Frameworks @loader_path/Frameworks";
				PRODUCT_BUNDLE_IDENTIFIER = Viet.LinhKaWebViewUITests;
				PRODUCT_NAME = "$(TARGET_NAME)";
				TEST_TARGET_NAME = LinhKaWebView;
			};
			name = Debug;
		};
		FA9AE724217082D900AD9712 /* Release */ = {
			isa = XCBuildConfiguration;
			buildSettings = {
				INFOPLIST_FILE = LinhKaWebViewUITests/Info.plist;
				LD_RUNPATH_SEARCH_PATHS = "$(inherited) @executable_path/Frameworks @loader_path/Frameworks";
				PRODUCT_BUNDLE_IDENTIFIER = Viet.LinhKaWebViewUITests;
				PRODUCT_NAME = "$(TARGET_NAME)";
				TEST_TARGET_NAME = LinhKaWebView;
			};
			name = Release;
		};
/* End XCBuildConfiguration section */

/* Begin XCConfigurationList section */
		FA9AE6EF217082D900AD9712 /* Build configuration list for PBXProject "LinhKaWebView" */ = {
			isa = XCConfigurationList;
			buildConfigurations = (
				FA9AE71A217082D900AD9712 /* Debug */,
				FA9AE71B217082D900AD9712 /* Release */,
			);
			defaultConfigurationIsVisible = 0;
			defaultConfigurationName = Release;
		};
		FA9AE71C217082D900AD9712 /* Build configuration list for PBXNativeTarget "LinhKaWebView" */ = {
			isa = XCConfigurationList;
			buildConfigurations = (
				FA9AE71D217082D900AD9712 /* Debug */,
				FA9AE71E217082D900AD9712 /* Release */,
			);
			defaultConfigurationIsVisible = 0;
		};
		FA9AE71F217082D900AD9712 /* Build configuration list for PBXNativeTarget "LinhKaWebViewTests" */ = {
			isa = XCConfigurationList;
			buildConfigurations = (
				FA9AE720217082D900AD9712 /* Debug */,
				FA9AE721217082D900AD9712 /* Release */,
			);
			defaultConfigurationIsVisible = 0;
		};
		FA9AE722217082D900AD9712 /* Build configuration list for PBXNativeTarget "LinhKaWebViewUITests" */ = {
			isa = XCConfigurationList;
			buildConfigurations = (
				FA9AE723217082D900AD9712 /* Debug */,
				FA9AE724217082D900AD9712 /* Release */,
			);
			defaultConfigurationIsVisible = 0;
		};
/* End XCConfigurationList section */
	};
	rootObject = FA9AE6EC217082D900AD9712 /* Project object */;
}
